
Microsoft Visual Studio Solution File, Format Version 12.00
# Visual Studio 15
VisualStudioVersion = 15.0.27004.2006
MinimumVisualStudioVersion = 10.0.40219.1
Project("{FAE04EC0-301F-11D3-BF4B-00C04F79EFBC}") = "HealthAndCareOffice", "HealthAndCareOffice\HealthAndCareOffice.csproj", "{DA9B1146-0B7C-443B-A31E-F18FDAF89BCD}"
EndProject
Project("{FAE04EC0-301F-11D3-BF4B-00C04F79EFBC}") = "ScedullerControlLibrary", "ScedullerControlLibrary\ScedullerControlLibrary.csproj", "{44DDB6AA-C184-47AB-B770-BF29B5901F1A}"
EndProject
Global
	GlobalSection(SolutionConfigurationPlatforms) = preSolution
		Debug|Any CPU = Debug|Any CPU
		Release|Any CPU = Release|Any CPU
	EndGlobalSection
	GlobalSection(ProjectConfigurationPlatforms) = postSolution
		{DA9B1146-0B7C-443B-A31E-F18FDAF89BCD}.Debug|Any CPU.ActiveCfg = Debug|Any CPU
		{DA9B1146-0B7C-443B-A31E-F18FDAF89BCD}.Debug|Any CPU.Build.0 = Debug|Any CPU
		{DA9B1146-0B7C-443B-A31E-F18FDAF89BCD}.Release|Any CPU.ActiveCfg = Release|Any CPU
		{DA9B1146-0B7C-443B-A31E-F18FDAF89BCD}.Release|Any CPU.Build.0 = Release|Any CPU
		{44DDB6AA-C184-47AB-B770-BF29B5901F1A}.Debug|Any CPU.ActiveCfg = Debug|Any CPU
		{44DDB6AA-C184-47AB-B770-BF29B5901F1A}.Debug|Any CPU.Build.0 = Debug|Any CPU
		{44DDB6AA-C184-47AB-B770-BF29B5901F1A}.Release|Any CPU.ActiveCfg = Release|Any CPU
		{44DDB6AA-C184-47AB-B770-BF29B5901F1A}.Release|Any CPU.Build.0 = Release|Any CPU
	EndGlobalSection
	GlobalSection(SolutionProperties) = preSolution
		HideSolutionNode = FALSE
	EndGlobalSection
	GlobalSection(ExtensibilityGlobals) = postSolution
		SolutionGuid = {E48062EC-2875-43E6-83B8-F5C24CBC28A2}
	EndGlobalSection
EndGlobal
